// !$*UTF8*$!
{
	archiveVersion = 1;
	classes = {
	};
	objectVersion = 77;
	objects = {

/* Begin PBXBuildFile section */
		00D3FD32365C01B978F260A8 /* similarity-openapi.json in Resources */ = {isa = PBXBuildFile; fileRef = 4D32A9E4FE0697AEA70D0FA5 /* similarity-openapi.json */; };
		071827DDAE1D86FA41104C2C /* MobileListeningStore.swift in Sources */ = {isa = PBXBuildFile; fileRef = B2A1E1773BF61B1398FF59DE /* MobileListeningStore.swift */; };
		086E0F9FC388682B356DC284 /* ShareComposerView.swift in Sources */ = {isa = PBXBuildFile; fileRef = CB125A722F9D614C74BB0163 /* ShareComposerView.swift */; };
		090D7CD25F5394BFF3DE1E50 /* ScrobbleQueueStore.swift in Sources */ = {isa = PBXBuildFile; fileRef = E9B4BEF0A1C8F7B573372444 /* ScrobbleQueueStore.swift */; };
		0B96DBB4774BD2816949534A /* MobileHomeView.swift in Sources */ = {isa = PBXBuildFile; fileRef = 8D83BA08D7C896B2D6979662 /* MobileHomeView.swift */; };
		0DDD21A5A50E5DC9DB7D21CC /* MoodPaletteEngine.swift in Sources */ = {isa = PBXBuildFile; fileRef = AA73E2EE23E95E82C345B34A /* MoodPaletteEngine.swift */; };
		10112D727B1AB7B05EB45610 /* MobileLibraryScrobbleDiffer.swift in Sources */ = {isa = PBXBuildFile; fileRef = E64C97B5035AFE0C1F2AD080 /* MobileLibraryScrobbleDiffer.swift */; };
		1BD25D57864122BC3EF0EE50 /* artist-map-openapi.json in Resources */ = {isa = PBXBuildFile; fileRef = DF283F9CB9E9060C8AF52F12 /* artist-map-openapi.json */; };
		1FE9E90A930BE2CAD78AB9C7 /* OpenScrobblerCore.framework in Frameworks */ = {isa = PBXBuildFile; fileRef = D25F93CE46FAE2344FF1C84E /* OpenScrobblerCore.framework */; };
		2128627253A19C576BFA2172 /* ListeningClockView.swift in Sources */ = {isa = PBXBuildFile; fileRef = C7EBA65D4ABB94D08711D735 /* ListeningClockView.swift */; };
		217F8ADB054D3FF1B110B83E /* MobileRootView.swift in Sources */ = {isa = PBXBuildFile; fileRef = C3D1E7594EEE687258091BF4 /* MobileRootView.swift */; };
		21D3521EE03C6EEE79B0733A /* SharedVaultView.swift in Sources */ = {isa = PBXBuildFile; fileRef = 019652665952FE7E03D22353 /* SharedVaultView.swift */; };
		23A1F613093CC01A56328D9D /* VaultStoreTests.swift in Sources */ = {isa = PBXBuildFile; fileRef = FFCCF9DA53FAE2B7CEB06032 /* VaultStoreTests.swift */; };
		2407077F1F5868F91766EE06 /* MobileLibraryScanEngine.swift in Sources */ = {isa = PBXBuildFile; fileRef = DA594F7753DA41703EF148A3 /* MobileLibraryScanEngine.swift */; };
		2AE59767BF566AD84425281F /* ChartsView.swift in Sources */ = {isa = PBXBuildFile; fileRef = 4E2A4EB7777483857994D22E /* ChartsView.swift */; };
		2C1248B074B815544AACA4BD /* ListenBrainzService.swift in Sources */ = {isa = PBXBuildFile; fileRef = 3454FC6E9EC86078F7179BDF /* ListenBrainzService.swift */; };
		31C4043BC352F08C41EBA901 /* CompatibilityAPIErrorTests.swift in Sources */ = {isa = PBXBuildFile; fileRef = 948CD321C9C69762A3F9ED43 /* CompatibilityAPIErrorTests.swift */; };
		31D531EF887E0B35603F4468 /* AppVisualComponents.swift in Sources */ = {isa = PBXBuildFile; fileRef = CB4159B3E1643EF38A56E126 /* AppVisualComponents.swift */; };
		3585575C7D463E86934A2B63 /* VaultComponents.swift in Sources */ = {isa = PBXBuildFile; fileRef = 382D55FD3E85641D0878E685 /* VaultComponents.swift */; };
		397AB45ED758ECF7279FA88A /* VaultModels.swift in Sources */ = {isa = PBXBuildFile; fileRef = BADAFD64BAE67C5E40286378 /* VaultModels.swift */; };
		3A96694F0B4E72A2B433FCE7 /* AccountView.swift in Sources */ = {isa = PBXBuildFile; fileRef = 197F1D4622961233B897360E /* AccountView.swift */; };
		44588E84C071620CD2820D90 /* ProxySettings.swift in Sources */ = {isa = PBXBuildFile; fileRef = 76F743410C80AF526D938086 /* ProxySettings.swift */; };
		4DCB72C02ED644195CA1B635 /* BottomTabShell.swift in Sources */ = {isa = PBXBuildFile; fileRef = DF2C5F0F5C8B370E472053EC /* BottomTabShell.swift */; };
		52538E2EA22B92E520D67711 /* InteractiveSeparationGraphView.swift in Sources */ = {isa = PBXBuildFile; fileRef = A6FFCCDBEC3A659436E97066 /* InteractiveSeparationGraphView.swift */; };
		531A280A7D18F30D971001BE /* similar-users-openapi.json in Resources */ = {isa = PBXBuildFile; fileRef = 04191CCBC6AF468AF05E706D /* similar-users-openapi.json */; };
		55D717566443C29852C5CF15 /* ListenBrainzServiceTests.swift in Sources */ = {isa = PBXBuildFile; fileRef = A0D17CC6E6769732AF5ADC9E /* ListenBrainzServiceTests.swift */; };
		5757E42C12A51F3F6DB03B30 /* MobilePendingScrobbleStore.swift in Sources */ = {isa = PBXBuildFile; fileRef = 28EB14F389731DE905826413 /* MobilePendingScrobbleStore.swift */; };
		61B9E13EABB994854E0D6457 /* MobileLibraryScrobbleDifferTests.swift in Sources */ = {isa = PBXBuildFile; fileRef = 462E69DCAE80415D28A2EA0C /* MobileLibraryScrobbleDifferTests.swift */; };
		62224B3D6FD3752B948141D6 /* Assets.xcassets in Resources */ = {isa = PBXBuildFile; fileRef = 8EF926F1CC88201E7F8BBFCC /* Assets.xcassets */; };
		62E7ACC6FCDE7D224E27ACE2 /* Track.swift in Sources */ = {isa = PBXBuildFile; fileRef = 8E88C84B72BF5CDE99DBB325 /* Track.swift */; };
		64B583280F1AE590CC67F9D1 /* SimilarArtistGraphView.swift in Sources */ = {isa = PBXBuildFile; fileRef = 1B09F99FFF0EEBB99F2738B5 /* SimilarArtistGraphView.swift */; };
		6A134AC2143ED80782ABBA7B /* MobilePendingScrobbleStore.swift in Sources */ = {isa = PBXBuildFile; fileRef = 28EB14F389731DE905826413 /* MobilePendingScrobbleStore.swift */; };
		6A70A3ECE792D75D923FCB6B /* LaunchAtLoginController.swift in Sources */ = {isa = PBXBuildFile; fileRef = 67BC865FE8E7F5EB6B82A7B0 /* LaunchAtLoginController.swift */; };
		6E3253BBE32191CB49DDC0ED /* PlayerNormalizationTests.swift in Sources */ = {isa = PBXBuildFile; fileRef = 0F380BBAA04419C228B7FAEF /* PlayerNormalizationTests.swift */; };
		713D2AB9AA416BA16CFF76AC /* ArtistAffinityGraphView.swift in Sources */ = {isa = PBXBuildFile; fileRef = 78691512CBD9957E5D1BE7DA /* ArtistAffinityGraphView.swift */; };
		75271B21A49D115820DFBED8 /* PlayerMonitor.swift in Sources */ = {isa = PBXBuildFile; fileRef = 56E766D6FC8095B2F1117475 /* PlayerMonitor.swift */; };
		773A8148202AD1A9467933FF /* PlayerNormalization.swift in Sources */ = {isa = PBXBuildFile; fileRef = 49BDBC2FFA16433B45BA42F3 /* PlayerNormalization.swift */; };
		7B8CCA0C9610E414D575E0C9 /* MobileListensView.swift in Sources */ = {isa = PBXBuildFile; fileRef = 3D288CDC21AB26F533765036 /* MobileListensView.swift */; };
		7E84DDC83549BF75CE463B60 /* MobileDiscoverView.swift in Sources */ = {isa = PBXBuildFile; fileRef = 7A1E504337C096711C4D5EDF /* MobileDiscoverView.swift */; };
		87E6523C71C372F7804F86EB /* CompatibilityAPI.swift in Sources */ = {isa = PBXBuildFile; fileRef = C2548A98187D5CCC43BF807A /* CompatibilityAPI.swift */; };
		8DC69AFDF56D29B971F788F7 /* OpenScrobbleriOSApp.swift in Sources */ = {isa = PBXBuildFile; fileRef = E602CADA31CD19231CBF00B7 /* OpenScrobbleriOSApp.swift */; };
		92A104FA344BC00A02B6DE40 /* SocialLegacyViews.swift in Sources */ = {isa = PBXBuildFile; fileRef = 61D298EF2676C23806DD2D8B /* SocialLegacyViews.swift */; };
		9477CCDAB25BD691811CA287 /* InspectorResizeHandle.swift in Sources */ = {isa = PBXBuildFile; fileRef = BBA9DFA1F2EF90C007557645 /* InspectorResizeHandle.swift */; };
		9B51A2F83603ADCC4F7B5EAC /* playlist-jspf-openapi.json in Resources */ = {isa = PBXBuildFile; fileRef = 778C00B3D84867BF5158E4E4 /* playlist-jspf-openapi.json */; };
		9BAE6CE3B82D02017AC511E6 /* DashboardView.swift in Sources */ = {isa = PBXBuildFile; fileRef = EC130637C79548554A953177 /* DashboardView.swift */; };
		9D138A44F37FD59C20A02F60 /* ReportsView.swift in Sources */ = {isa = PBXBuildFile; fileRef = 8ABBA86382D701DC7D6FA6F2 /* ReportsView.swift */; };
		9DCB9406A57851ED34D16410 /* MobileListeningStoreTests.swift in Sources */ = {isa = PBXBuildFile; fileRef = 771604AAC81CFF62D09ED05E /* MobileListeningStoreTests.swift */; };
		A087CA18923A9C906A80D932 /* NowPlayingView.swift in Sources */ = {isa = PBXBuildFile; fileRef = 751A93F1F2B3A4A9D7B86D65 /* NowPlayingView.swift */; };
		A318D5E6B832D430C28D8967 /* MusicBrainzService.swift in Sources */ = {isa = PBXBuildFile; fileRef = FD6E57E3CA79357ECEF8E7EB /* MusicBrainzService.swift */; };
		A4DF6EF58DD0A738C5DB38E7 /* ScrobbleQueueStoreTests.swift in Sources */ = {isa = PBXBuildFile; fileRef = 3FABE65A8448C31172B8EA3B /* ScrobbleQueueStoreTests.swift */; };
		A6908840937FD5747C075574 /* Track.swift in Sources */ = {isa = PBXBuildFile; fileRef = 8E88C84B72BF5CDE99DBB325 /* Track.swift */; };
		A89981FA6F31C1286C25BF24 /* VaultHelpers.swift in Sources */ = {isa = PBXBuildFile; fileRef = 6BBCB3507B380031E1E6B17C /* VaultHelpers.swift */; };
		AA4769142242A25E8E8A2F65 /* MusicLibraryScrobbleScanner.swift in Sources */ = {isa = PBXBuildFile; fileRef = A0D864BD3638091AB7220B73 /* MusicLibraryScrobbleScanner.swift */; };
		AB9A3F135D878DE7F60E5A07 /* MobileListeningStore.swift in Sources */ = {isa = PBXBuildFile; fileRef = B2A1E1773BF61B1398FF59DE /* MobileListeningStore.swift */; };
		AC1773D6AAB69BC52D25BF8A /* CompatibilityAccountsStore.swift in Sources */ = {isa = PBXBuildFile; fileRef = E2574D9E50249550852772B8 /* CompatibilityAccountsStore.swift */; };
		ADB51C6EC6530282755AD9D6 /* ChartEntry.swift in Sources */ = {isa = PBXBuildFile; fileRef = 08B5188BE540330855E7B0C5 /* ChartEntry.swift */; };
		B1F6DB572B6BFA26FCA40AA6 /* OpenScrobblerCore.framework in Embed Frameworks */ = {isa = PBXBuildFile; fileRef = D25F93CE46FAE2344FF1C84E /* OpenScrobblerCore.framework */; settings = {ATTRIBUTES = (CodeSignOnCopy, RemoveHeadersOnCopy, ); }; };
		B240A3747EACFD7F541BE352 /* SettingsView.swift in Sources */ = {isa = PBXBuildFile; fileRef = F5254D9C6FEAA307DB10BD0F /* SettingsView.swift */; };
		B2B4CF541D9BC375634C3CAA /* ListenBrainzSocialView.swift in Sources */ = {isa = PBXBuildFile; fileRef = 560872C020BC6150FBAFF9AD /* ListenBrainzSocialView.swift */; };
		BA81B801E5DAFAC10B993A61 /* MobileManualScrobbleView.swift in Sources */ = {isa = PBXBuildFile; fileRef = 511E8A69385F7C9C651D02F7 /* MobileManualScrobbleView.swift */; };
		BBFC20EB3FDC3A648CCB9818 /* ObsessionComposerView.swift in Sources */ = {isa = PBXBuildFile; fileRef = 4DB377BA36AF07C74654F5EB /* ObsessionComposerView.swift */; };
		BDDA062D637618ABB5EDD9DF /* AppKitRepresentables.swift in Sources */ = {isa = PBXBuildFile; fileRef = 3B4E6EF80D87F63FC8EA3A8D /* AppKitRepresentables.swift */; };
		C08727EB469EBEAE0C156965 /* MobileLibraryScrobbleDiffer.swift in Sources */ = {isa = PBXBuildFile; fileRef = E64C97B5035AFE0C1F2AD080 /* MobileLibraryScrobbleDiffer.swift */; };
		C747CC1363C3AF83A9A94BD6 /* ExploreView.swift in Sources */ = {isa = PBXBuildFile; fileRef = 12BB1848A201EE91BF05551B /* ExploreView.swift */; };
		C900073D59724A9F4DA91ACE /* ScrobbleService.swift in Sources */ = {isa = PBXBuildFile; fileRef = E335A68FF6DDF27B07BAFE57 /* ScrobbleService.swift */; };
		CD241046C5AD419B51F7E47B /* ScrobbleDetailPanel.swift in Sources */ = {isa = PBXBuildFile; fileRef = 5D8FC9B8EE7E34E03387603B /* ScrobbleDetailPanel.swift */; };
		D32E5A2C2AF2AC6BC765B79D /* MobileLibraryScanEngineTests.swift in Sources */ = {isa = PBXBuildFile; fileRef = 50DC37262772A6561E753B28 /* MobileLibraryScanEngineTests.swift */; };
		D96BD3D42D5A1AF6E918CED2 /* VaultStores.swift in Sources */ = {isa = PBXBuildFile; fileRef = 44B0B472317B40CCD067BB5D /* VaultStores.swift */; };
		DA7C4F140213DF4EFBA16F6E /* MobileLibraryScanEngine.swift in Sources */ = {isa = PBXBuildFile; fileRef = DA594F7753DA41703EF148A3 /* MobileLibraryScanEngine.swift */; };
		DB49D18F4AC36B6A47DEF70A /* ScrobblesView.swift in Sources */ = {isa = PBXBuildFile; fileRef = B65518F8A43DA34E771DBDBE /* ScrobblesView.swift */; };
		DB854E7B549C90DBC9D2D7FF /* VaultModels.swift in Sources */ = {isa = PBXBuildFile; fileRef = BADAFD64BAE67C5E40286378 /* VaultModels.swift */; };
		DE74655524E9FC73F3B5D635 /* QueueView.swift in Sources */ = {isa = PBXBuildFile; fileRef = 5C3E9275CEE9C6181524C78B /* QueueView.swift */; };
		E0E3A81BA853135C40FA1815 /* MusicBrainzServiceTests.swift in Sources */ = {isa = PBXBuildFile; fileRef = 283B8DD77EC3F6CD9311B24A /* MusicBrainzServiceTests.swift */; };
		E0E59F88C055F7A7B5493508 /* ContentView.swift in Sources */ = {isa = PBXBuildFile; fileRef = 64522A5F740C6E1BDFF8DDB9 /* ContentView.swift */; };
		E1A85B54C56D0B3979A2D163 /* ProfileView.swift in Sources */ = {isa = PBXBuildFile; fileRef = 752253E349B9798E58E97634 /* ProfileView.swift */; };
		E5C7506C622902681933338B /* CompatibilitySignatureTests.swift in Sources */ = {isa = PBXBuildFile; fileRef = 15A95E641685904D84AA7497 /* CompatibilitySignatureTests.swift */; };
		E652B41C63F4A2F1C81C25CA /* ObsessionsVaultView.swift in Sources */ = {isa = PBXBuildFile; fileRef = 628BBADF573FD3DA58EA8E49 /* ObsessionsVaultView.swift */; };
		EC963B537EA83EE6E4E08CE2 /* ListenBrainzService.swift in Sources */ = {isa = PBXBuildFile; fileRef = 3454FC6E9EC86078F7179BDF /* ListenBrainzService.swift */; };
		ED91B36116A76A84A945029D /* FlowLayout.swift in Sources */ = {isa = PBXBuildFile; fileRef = 641C43CC0E79ECDC8C08ABCD /* FlowLayout.swift */; };
		EE335DFE94BD7F2FB6E2BADF /* MobileAccountView.swift in Sources */ = {isa = PBXBuildFile; fileRef = A470520752891B8657AFC57E /* MobileAccountView.swift */; };
		F182CDDB93A165C5A2D933A5 /* MobilePendingScrobbleStoreTests.swift in Sources */ = {isa = PBXBuildFile; fileRef = B3410DD8C1F538660155733F /* MobilePendingScrobbleStoreTests.swift */; };
		F2E27B82EE840DE92DD76F8C /* AppPanelStyle.swift in Sources */ = {isa = PBXBuildFile; fileRef = B0928BDF9453C6E1898F552E /* AppPanelStyle.swift */; };
		F33C7C053E803C5017457790 /* ScrobbleServiceTests.swift in Sources */ = {isa = PBXBuildFile; fileRef = 14D2423BD080FC9AD2BB6512 /* ScrobbleServiceTests.swift */; };
		FA72E3FFCB98A75F767AE215 /* Assets.xcassets in Resources */ = {isa = PBXBuildFile; fileRef = 8EF926F1CC88201E7F8BBFCC /* Assets.xcassets */; };
		FC7B52AB29F670F4327BAD09 /* OpenScrobblerApp.swift in Sources */ = {isa = PBXBuildFile; fileRef = BDE0AEEF6ABC15940E86B434 /* OpenScrobblerApp.swift */; };
/* End PBXBuildFile section */

/* Begin PBXContainerItemProxy section */
		46BD4FDF6DEB78EDCB5A862D /* PBXContainerItemProxy */ = {
			isa = PBXContainerItemProxy;
			containerPortal = 32BA788BC896BECD873610EA /* Project object */;
			proxyType = 1;
			remoteGlobalIDString = 230A3E87A87B2A6560FB6EDE;
			remoteInfo = OpenScrobblerCore;
		};
		7585B0AEF1C95A5F737E8A31 /* PBXContainerItemProxy */ = {
			isa = PBXContainerItemProxy;
			containerPortal = 32BA788BC896BECD873610EA /* Project object */;
			proxyType = 1;
			remoteGlobalIDString = C95E0AFDA537111F309AD3E5;
			remoteInfo = OpenScrobbler;
		};
/* End PBXContainerItemProxy section */

/* Begin PBXCopyFilesBuildPhase section */
		1970CAA6D42E86B66E31D927 /* Embed Frameworks */ = {
			isa = PBXCopyFilesBuildPhase;
			buildActionMask = 2147483647;
			dstPath = "";
			dstSubfolderSpec = 10;
			files = (
				B1F6DB572B6BFA26FCA40AA6 /* OpenScrobblerCore.framework in Embed Frameworks */,
			);
			name = "Embed Frameworks";
			runOnlyForDeploymentPostprocessing = 0;
		};
/* End PBXCopyFilesBuildPhase section */

/* Begin PBXFileReference section */
		019652665952FE7E03D22353 /* SharedVaultView.swift */ = {isa = PBXFileReference; lastKnownFileType = sourcecode.swift; path = SharedVaultView.swift; sourceTree = "<group>"; };
		04191CCBC6AF468AF05E706D /* similar-users-openapi.json */ = {isa = PBXFileReference; lastKnownFileType = text.json; path = "similar-users-openapi.json"; sourceTree = "<group>"; };
		08B5188BE540330855E7B0C5 /* ChartEntry.swift */ = {isa = PBXFileReference; lastKnownFileType = sourcecode.swift; path = ChartEntry.swift; sourceTree = "<group>"; };
		0A3DA58A5E92842CFEA78200 /* OpenScrobbleriOS.app */ = {isa = PBXFileReference; includeInIndex = 0; lastKnownFileType = wrapper.application; path = OpenScrobbleriOS.app; sourceTree = BUILT_PRODUCTS_DIR; };
		0F380BBAA04419C228B7FAEF /* PlayerNormalizationTests.swift */ = {isa = PBXFileReference; lastKnownFileType = sourcecode.swift; path = PlayerNormalizationTests.swift; sourceTree = "<group>"; };
		12BB1848A201EE91BF05551B /* ExploreView.swift */ = {isa = PBXFileReference; lastKnownFileType = sourcecode.swift; path = ExploreView.swift; sourceTree = "<group>"; };
		14D2423BD080FC9AD2BB6512 /* ScrobbleServiceTests.swift */ = {isa = PBXFileReference; lastKnownFileType = sourcecode.swift; path = ScrobbleServiceTests.swift; sourceTree = "<group>"; };
		15A95E641685904D84AA7497 /* CompatibilitySignatureTests.swift */ = {isa = PBXFileReference; lastKnownFileType = sourcecode.swift; path = CompatibilitySignatureTests.swift; sourceTree = "<group>"; };
		197F1D4622961233B897360E /* AccountView.swift */ = {isa = PBXFileReference; lastKnownFileType = sourcecode.swift; path = AccountView.swift; sourceTree = "<group>"; };
		1B09F99FFF0EEBB99F2738B5 /* SimilarArtistGraphView.swift */ = {isa = PBXFileReference; lastKnownFileType = sourcecode.swift; path = SimilarArtistGraphView.swift; sourceTree = "<group>"; };
		283B8DD77EC3F6CD9311B24A /* MusicBrainzServiceTests.swift */ = {isa = PBXFileReference; lastKnownFileType = sourcecode.swift; path = MusicBrainzServiceTests.swift; sourceTree = "<group>"; };
		28EB14F389731DE905826413 /* MobilePendingScrobbleStore.swift */ = {isa = PBXFileReference; lastKnownFileType = sourcecode.swift; path = MobilePendingScrobbleStore.swift; sourceTree = "<group>"; };
		3454FC6E9EC86078F7179BDF /* ListenBrainzService.swift */ = {isa = PBXFileReference; lastKnownFileType = sourcecode.swift; path = ListenBrainzService.swift; sourceTree = "<group>"; };
		382D55FD3E85641D0878E685 /* VaultComponents.swift */ = {isa = PBXFileReference; lastKnownFileType = sourcecode.swift; path = VaultComponents.swift; sourceTree = "<group>"; };
		3B4E6EF80D87F63FC8EA3A8D /* AppKitRepresentables.swift */ = {isa = PBXFileReference; lastKnownFileType = sourcecode.swift; path = AppKitRepresentables.swift; sourceTree = "<group>"; };
		3D288CDC21AB26F533765036 /* MobileListensView.swift */ = {isa = PBXFileReference; lastKnownFileType = sourcecode.swift; path = MobileListensView.swift; sourceTree = "<group>"; };
		3FABE65A8448C31172B8EA3B /* ScrobbleQueueStoreTests.swift */ = {isa = PBXFileReference; lastKnownFileType = sourcecode.swift; path = ScrobbleQueueStoreTests.swift; sourceTree = "<group>"; };
		44B0B472317B40CCD067BB5D /* VaultStores.swift */ = {isa = PBXFileReference; lastKnownFileType = sourcecode.swift; path = VaultStores.swift; sourceTree = "<group>"; };
		462E69DCAE80415D28A2EA0C /* MobileLibraryScrobbleDifferTests.swift */ = {isa = PBXFileReference; lastKnownFileType = sourcecode.swift; path = MobileLibraryScrobbleDifferTests.swift; sourceTree = "<group>"; };
		49BDBC2FFA16433B45BA42F3 /* PlayerNormalization.swift */ = {isa = PBXFileReference; lastKnownFileType = sourcecode.swift; path = PlayerNormalization.swift; sourceTree = "<group>"; };
		4D32A9E4FE0697AEA70D0FA5 /* similarity-openapi.json */ = {isa = PBXFileReference; lastKnownFileType = text.json; path = "similarity-openapi.json"; sourceTree = "<group>"; };
		4DB377BA36AF07C74654F5EB /* ObsessionComposerView.swift */ = {isa = PBXFileReference; lastKnownFileType = sourcecode.swift; path = ObsessionComposerView.swift; sourceTree = "<group>"; };
		4E2A4EB7777483857994D22E /* ChartsView.swift */ = {isa = PBXFileReference; lastKnownFileType = sourcecode.swift; path = ChartsView.swift; sourceTree = "<group>"; };
		50DC37262772A6561E753B28 /* MobileLibraryScanEngineTests.swift */ = {isa = PBXFileReference; lastKnownFileType = sourcecode.swift; path = MobileLibraryScanEngineTests.swift; sourceTree = "<group>"; };
		511E8A69385F7C9C651D02F7 /* MobileManualScrobbleView.swift */ = {isa = PBXFileReference; lastKnownFileType = sourcecode.swift; path = MobileManualScrobbleView.swift; sourceTree = "<group>"; };
		560872C020BC6150FBAFF9AD /* ListenBrainzSocialView.swift */ = {isa = PBXFileReference; lastKnownFileType = sourcecode.swift; path = ListenBrainzSocialView.swift; sourceTree = "<group>"; };
		56E766D6FC8095B2F1117475 /* PlayerMonitor.swift */ = {isa = PBXFileReference; lastKnownFileType = sourcecode.swift; path = PlayerMonitor.swift; sourceTree = "<group>"; };
		5C3E9275CEE9C6181524C78B /* QueueView.swift */ = {isa = PBXFileReference; lastKnownFileType = sourcecode.swift; path = QueueView.swift; sourceTree = "<group>"; };
		5D8FC9B8EE7E34E03387603B /* ScrobbleDetailPanel.swift */ = {isa = PBXFileReference; lastKnownFileType = sourcecode.swift; path = ScrobbleDetailPanel.swift; sourceTree = "<group>"; };
		61D298EF2676C23806DD2D8B /* SocialLegacyViews.swift */ = {isa = PBXFileReference; lastKnownFileType = sourcecode.swift; path = SocialLegacyViews.swift; sourceTree = "<group>"; };
		628BBADF573FD3DA58EA8E49 /* ObsessionsVaultView.swift */ = {isa = PBXFileReference; lastKnownFileType = sourcecode.swift; path = ObsessionsVaultView.swift; sourceTree = "<group>"; };
		641C43CC0E79ECDC8C08ABCD /* FlowLayout.swift */ = {isa = PBXFileReference; lastKnownFileType = sourcecode.swift; path = FlowLayout.swift; sourceTree = "<group>"; };
		64522A5F740C6E1BDFF8DDB9 /* ContentView.swift */ = {isa = PBXFileReference; lastKnownFileType = sourcecode.swift; path = ContentView.swift; sourceTree = "<group>"; };
		67BC865FE8E7F5EB6B82A7B0 /* LaunchAtLoginController.swift */ = {isa = PBXFileReference; lastKnownFileType = sourcecode.swift; path = LaunchAtLoginController.swift; sourceTree = "<group>"; };
		6BBCB3507B380031E1E6B17C /* VaultHelpers.swift */ = {isa = PBXFileReference; lastKnownFileType = sourcecode.swift; path = VaultHelpers.swift; sourceTree = "<group>"; };
		751A93F1F2B3A4A9D7B86D65 /* NowPlayingView.swift */ = {isa = PBXFileReference; lastKnownFileType = sourcecode.swift; path = NowPlayingView.swift; sourceTree = "<group>"; };
		752253E349B9798E58E97634 /* ProfileView.swift */ = {isa = PBXFileReference; lastKnownFileType = sourcecode.swift; path = ProfileView.swift; sourceTree = "<group>"; };
		76F743410C80AF526D938086 /* ProxySettings.swift */ = {isa = PBXFileReference; lastKnownFileType = sourcecode.swift; path = ProxySettings.swift; sourceTree = "<group>"; };
		771604AAC81CFF62D09ED05E /* MobileListeningStoreTests.swift */ = {isa = PBXFileReference; lastKnownFileType = sourcecode.swift; path = MobileListeningStoreTests.swift; sourceTree = "<group>"; };
		778C00B3D84867BF5158E4E4 /* playlist-jspf-openapi.json */ = {isa = PBXFileReference; lastKnownFileType = text.json; path = "playlist-jspf-openapi.json"; sourceTree = "<group>"; };
		78691512CBD9957E5D1BE7DA /* ArtistAffinityGraphView.swift */ = {isa = PBXFileReference; lastKnownFileType = sourcecode.swift; path = ArtistAffinityGraphView.swift; sourceTree = "<group>"; };
		7A1E504337C096711C4D5EDF /* MobileDiscoverView.swift */ = {isa = PBXFileReference; lastKnownFileType = sourcecode.swift; path = MobileDiscoverView.swift; sourceTree = "<group>"; };
		8ABBA86382D701DC7D6FA6F2 /* ReportsView.swift */ = {isa = PBXFileReference; lastKnownFileType = sourcecode.swift; path = ReportsView.swift; sourceTree = "<group>"; };
		8D83BA08D7C896B2D6979662 /* MobileHomeView.swift */ = {isa = PBXFileReference; lastKnownFileType = sourcecode.swift; path = MobileHomeView.swift; sourceTree = "<group>"; };
		8E88C84B72BF5CDE99DBB325 /* Track.swift */ = {isa = PBXFileReference; lastKnownFileType = sourcecode.swift; path = Track.swift; sourceTree = "<group>"; };
		8EF926F1CC88201E7F8BBFCC /* Assets.xcassets */ = {isa = PBXFileReference; lastKnownFileType = folder.assetcatalog; path = Assets.xcassets; sourceTree = "<group>"; };
		948CD321C9C69762A3F9ED43 /* CompatibilityAPIErrorTests.swift */ = {isa = PBXFileReference; lastKnownFileType = sourcecode.swift; path = CompatibilityAPIErrorTests.swift; sourceTree = "<group>"; };
		A0D17CC6E6769732AF5ADC9E /* ListenBrainzServiceTests.swift */ = {isa = PBXFileReference; lastKnownFileType = sourcecode.swift; path = ListenBrainzServiceTests.swift; sourceTree = "<group>"; };
		A0D864BD3638091AB7220B73 /* MusicLibraryScrobbleScanner.swift */ = {isa = PBXFileReference; lastKnownFileType = sourcecode.swift; path = MusicLibraryScrobbleScanner.swift; sourceTree = "<group>"; };
		A470520752891B8657AFC57E /* MobileAccountView.swift */ = {isa = PBXFileReference; lastKnownFileType = sourcecode.swift; path = MobileAccountView.swift; sourceTree = "<group>"; };
		A6FFCCDBEC3A659436E97066 /* InteractiveSeparationGraphView.swift */ = {isa = PBXFileReference; lastKnownFileType = sourcecode.swift; path = InteractiveSeparationGraphView.swift; sourceTree = "<group>"; };
		AA73E2EE23E95E82C345B34A /* MoodPaletteEngine.swift */ = {isa = PBXFileReference; lastKnownFileType = sourcecode.swift; path = MoodPaletteEngine.swift; sourceTree = "<group>"; };
		B0928BDF9453C6E1898F552E /* AppPanelStyle.swift */ = {isa = PBXFileReference; lastKnownFileType = sourcecode.swift; path = AppPanelStyle.swift; sourceTree = "<group>"; };
		B2A1E1773BF61B1398FF59DE /* MobileListeningStore.swift */ = {isa = PBXFileReference; lastKnownFileType = sourcecode.swift; path = MobileListeningStore.swift; sourceTree = "<group>"; };
		B3410DD8C1F538660155733F /* MobilePendingScrobbleStoreTests.swift */ = {isa = PBXFileReference; lastKnownFileType = sourcecode.swift; path = MobilePendingScrobbleStoreTests.swift; sourceTree = "<group>"; };
		B65518F8A43DA34E771DBDBE /* ScrobblesView.swift */ = {isa = PBXFileReference; lastKnownFileType = sourcecode.swift; path = ScrobblesView.swift; sourceTree = "<group>"; };
		BADAFD64BAE67C5E40286378 /* VaultModels.swift */ = {isa = PBXFileReference; lastKnownFileType = sourcecode.swift; path = VaultModels.swift; sourceTree = "<group>"; };
		BBA9DFA1F2EF90C007557645 /* InspectorResizeHandle.swift */ = {isa = PBXFileReference; lastKnownFileType = sourcecode.swift; path = InspectorResizeHandle.swift; sourceTree = "<group>"; };
		BDE0AEEF6ABC15940E86B434 /* OpenScrobblerApp.swift */ = {isa = PBXFileReference; lastKnownFileType = sourcecode.swift; path = OpenScrobblerApp.swift; sourceTree = "<group>"; };
		C2548A98187D5CCC43BF807A /* CompatibilityAPI.swift */ = {isa = PBXFileReference; lastKnownFileType = sourcecode.swift; path = CompatibilityAPI.swift; sourceTree = "<group>"; };
		C3D1E7594EEE687258091BF4 /* MobileRootView.swift */ = {isa = PBXFileReference; lastKnownFileType = sourcecode.swift; path = MobileRootView.swift; sourceTree = "<group>"; };
		C7EBA65D4ABB94D08711D735 /* ListeningClockView.swift */ = {isa = PBXFileReference; lastKnownFileType = sourcecode.swift; path = ListeningClockView.swift; sourceTree = "<group>"; };
		CB125A722F9D614C74BB0163 /* ShareComposerView.swift */ = {isa = PBXFileReference; lastKnownFileType = sourcecode.swift; path = ShareComposerView.swift; sourceTree = "<group>"; };
		CB4159B3E1643EF38A56E126 /* AppVisualComponents.swift */ = {isa = PBXFileReference; lastKnownFileType = sourcecode.swift; path = AppVisualComponents.swift; sourceTree = "<group>"; };
		D25F93CE46FAE2344FF1C84E /* OpenScrobblerCore.framework */ = {isa = PBXFileReference; explicitFileType = wrapper.framework; includeInIndex = 0; path = OpenScrobblerCore.framework; sourceTree = BUILT_PRODUCTS_DIR; };
		DA594F7753DA41703EF148A3 /* MobileLibraryScanEngine.swift */ = {isa = PBXFileReference; lastKnownFileType = sourcecode.swift; path = MobileLibraryScanEngine.swift; sourceTree = "<group>"; };
		DF283F9CB9E9060C8AF52F12 /* artist-map-openapi.json */ = {isa = PBXFileReference; lastKnownFileType = text.json; path = "artist-map-openapi.json"; sourceTree = "<group>"; };
		DF2C5F0F5C8B370E472053EC /* BottomTabShell.swift */ = {isa = PBXFileReference; lastKnownFileType = sourcecode.swift; path = BottomTabShell.swift; sourceTree = "<group>"; };
		E1D920C82E39DB24395597CE /* OpenScrobbler.app */ = {isa = PBXFileReference; explicitFileType = wrapper.application; includeInIndex = 0; path = OpenScrobbler.app; sourceTree = BUILT_PRODUCTS_DIR; };
		E2574D9E50249550852772B8 /* CompatibilityAccountsStore.swift */ = {isa = PBXFileReference; lastKnownFileType = sourcecode.swift; path = CompatibilityAccountsStore.swift; sourceTree = "<group>"; };
		E335A68FF6DDF27B07BAFE57 /* ScrobbleService.swift */ = {isa = PBXFileReference; lastKnownFileType = sourcecode.swift; path = ScrobbleService.swift; sourceTree = "<group>"; };
		E43B4D6B5C4C8C315CE903C5 /* OpenScrobblerTests.xctest */ = {isa = PBXFileReference; explicitFileType = wrapper.cfbundle; includeInIndex = 0; path = OpenScrobblerTests.xctest; sourceTree = BUILT_PRODUCTS_DIR; };
		E602CADA31CD19231CBF00B7 /* OpenScrobbleriOSApp.swift */ = {isa = PBXFileReference; lastKnownFileType = sourcecode.swift; path = OpenScrobbleriOSApp.swift; sourceTree = "<group>"; };
		E64C97B5035AFE0C1F2AD080 /* MobileLibraryScrobbleDiffer.swift */ = {isa = PBXFileReference; lastKnownFileType = sourcecode.swift; path = MobileLibraryScrobbleDiffer.swift; sourceTree = "<group>"; };
		E9B4BEF0A1C8F7B573372444 /* ScrobbleQueueStore.swift */ = {isa = PBXFileReference; lastKnownFileType = sourcecode.swift; path = ScrobbleQueueStore.swift; sourceTree = "<group>"; };
		EC130637C79548554A953177 /* DashboardView.swift */ = {isa = PBXFileReference; lastKnownFileType = sourcecode.swift; path = DashboardView.swift; sourceTree = "<group>"; };
		F5254D9C6FEAA307DB10BD0F /* SettingsView.swift */ = {isa = PBXFileReference; lastKnownFileType = sourcecode.swift; path = SettingsView.swift; sourceTree = "<group>"; };
		FD6E57E3CA79357ECEF8E7EB /* MusicBrainzService.swift */ = {isa = PBXFileReference; lastKnownFileType = sourcecode.swift; path = MusicBrainzService.swift; sourceTree = "<group>"; };
		FFCCF9DA53FAE2B7CEB06032 /* VaultStoreTests.swift */ = {isa = PBXFileReference; lastKnownFileType = sourcecode.swift; path = VaultStoreTests.swift; sourceTree = "<group>"; };
/* End PBXFileReference section */

/* Begin PBXFrameworksBuildPhase section */
		1A37D54B5005C435BF9CCFD3 /* Frameworks */ = {
			isa = PBXFrameworksBuildPhase;
			buildActionMask = 2147483647;
			files = (
				1FE9E90A930BE2CAD78AB9C7 /* OpenScrobblerCore.framework in Frameworks */,
			);
			runOnlyForDeploymentPostprocessing = 0;
		};
/* End PBXFrameworksBuildPhase section */

/* Begin PBXGroup section */
		0DF6E8CF31D32C6793A8203C /* Sources */ = {
			isa = PBXGroup;
			children = (
				E34CF0B31C574CC770666E7F /* App */,
				49813BBD62555505AD0CF6BE /* Core */,
				E1C42B1FF24CB2B867FE375E /* Domain */,
				326EDAA9E0DE45EFE8062E55 /* iOS */,
				248BD2C2A27AB5360C783AAC /* Services */,
				C3406F3F72D625C6AB064081 /* UI */,
			);
			path = Sources;
			sourceTree = "<group>";
		};
		248BD2C2A27AB5360C783AAC /* Services */ = {
			isa = PBXGroup;
			children = (
				E2574D9E50249550852772B8 /* CompatibilityAccountsStore.swift */,
				C2548A98187D5CCC43BF807A /* CompatibilityAPI.swift */,
				67BC865FE8E7F5EB6B82A7B0 /* LaunchAtLoginController.swift */,
				3454FC6E9EC86078F7179BDF /* ListenBrainzService.swift */,
				AA73E2EE23E95E82C345B34A /* MoodPaletteEngine.swift */,
				FD6E57E3CA79357ECEF8E7EB /* MusicBrainzService.swift */,
				56E766D6FC8095B2F1117475 /* PlayerMonitor.swift */,
				49BDBC2FFA16433B45BA42F3 /* PlayerNormalization.swift */,
				76F743410C80AF526D938086 /* ProxySettings.swift */,
				E9B4BEF0A1C8F7B573372444 /* ScrobbleQueueStore.swift */,
				E335A68FF6DDF27B07BAFE57 /* ScrobbleService.swift */,
				44B0B472317B40CCD067BB5D /* VaultStores.swift */,
			);
			path = Services;
			sourceTree = "<group>";
		};
		326EDAA9E0DE45EFE8062E55 /* iOS */ = {
			isa = PBXGroup;
			children = (
				36CA82AABE23B5A434365891 /* App */,
				7038F4EA2DBA5B442CDD7C21 /* Services */,
				CF25A3FDEBB2A3D3B2D71DE7 /* UI */,
			);
			path = iOS;
			sourceTree = "<group>";
		};
		36CA82AABE23B5A434365891 /* App */ = {
			isa = PBXGroup;
			children = (
				E602CADA31CD19231CBF00B7 /* OpenScrobbleriOSApp.swift */,
			);
			path = App;
			sourceTree = "<group>";
		};
		38DD845E02127189949CB892 /* Social */ = {
			isa = PBXGroup;
			children = (
				A6FFCCDBEC3A659436E97066 /* InteractiveSeparationGraphView.swift */,
				560872C020BC6150FBAFF9AD /* ListenBrainzSocialView.swift */,
				61D298EF2676C23806DD2D8B /* SocialLegacyViews.swift */,
			);
			path = Social;
			sourceTree = "<group>";
		};
		49813BBD62555505AD0CF6BE /* Core */ = {
			isa = PBXGroup;
			children = (
				CBB6CE2E1915DFA0515C3EF3 /* Mobile */,
			);
			path = Core;
			sourceTree = "<group>";
		};
		4CB26A48D93DC6B2E8CCC9DA /* Products */ = {
			isa = PBXGroup;
			children = (
				E1D920C82E39DB24395597CE /* OpenScrobbler.app */,
				D25F93CE46FAE2344FF1C84E /* OpenScrobblerCore.framework */,
				0A3DA58A5E92842CFEA78200 /* OpenScrobbleriOS.app */,
				E43B4D6B5C4C8C315CE903C5 /* OpenScrobblerTests.xctest */,
			);
			name = Products;
			sourceTree = "<group>";
		};
		543392EA37E9D3786AD9F568 /* Queue */ = {
			isa = PBXGroup;
			children = (
				5C3E9275CEE9C6181524C78B /* QueueView.swift */,
			);
			path = Queue;
			sourceTree = "<group>";
		};
		5D10030F1C8AB3EDDF56F8AC /* Fixtures */ = {
			isa = PBXGroup;
			children = (
				865359F9AF70037100B8BF3F /* ListenBrainz */,
			);
			path = Fixtures;
			sourceTree = "<group>";
		};
		7038F4EA2DBA5B442CDD7C21 /* Services */ = {
			isa = PBXGroup;
			children = (
				A0D864BD3638091AB7220B73 /* MusicLibraryScrobbleScanner.swift */,
			);
			path = Services;
			sourceTree = "<group>";
		};
		772591287C05FC3FA7E76C22 /* Listens */ = {
			isa = PBXGroup;
			children = (
				5D8FC9B8EE7E34E03387603B /* ScrobbleDetailPanel.swift */,
				B65518F8A43DA34E771DBDBE /* ScrobblesView.swift */,
			);
			path = Listens;
			sourceTree = "<group>";
		};
		83F5BEAB692B7DC2742899F9 /* Components */ = {
			isa = PBXGroup;
			children = (
				3B4E6EF80D87F63FC8EA3A8D /* AppKitRepresentables.swift */,
				B0928BDF9453C6E1898F552E /* AppPanelStyle.swift */,
				CB4159B3E1643EF38A56E126 /* AppVisualComponents.swift */,
				641C43CC0E79ECDC8C08ABCD /* FlowLayout.swift */,
				BBA9DFA1F2EF90C007557645 /* InspectorResizeHandle.swift */,
				1B09F99FFF0EEBB99F2738B5 /* SimilarArtistGraphView.swift */,
			);
			path = Components;
			sourceTree = "<group>";
		};
		865359F9AF70037100B8BF3F /* ListenBrainz */ = {
			isa = PBXGroup;
			children = (
				DF283F9CB9E9060C8AF52F12 /* artist-map-openapi.json */,
				778C00B3D84867BF5158E4E4 /* playlist-jspf-openapi.json */,
				04191CCBC6AF468AF05E706D /* similar-users-openapi.json */,
				4D32A9E4FE0697AEA70D0FA5 /* similarity-openapi.json */,
			);
			path = ListenBrainz;
			sourceTree = "<group>";
		};
		8DE3417D0F9F96A548BD6437 /* Profile */ = {
			isa = PBXGroup;
			children = (
				752253E349B9798E58E97634 /* ProfileView.swift */,
			);
			path = Profile;
			sourceTree = "<group>";
		};
		930532EC3D1263415874FF49 = {
			isa = PBXGroup;
			children = (
				CFBF4B9F9AF8BBE45666E10F /* Resources */,
				0DF6E8CF31D32C6793A8203C /* Sources */,
				D53AFF0B0778DC55D6814831 /* Tests */,
				4CB26A48D93DC6B2E8CCC9DA /* Products */,
			);
			sourceTree = "<group>";
		};
		A5B52F86969E0D4E45FDAB01 /* AppShell */ = {
			isa = PBXGroup;
			children = (
				DF2C5F0F5C8B370E472053EC /* BottomTabShell.swift */,
			);
			path = AppShell;
			sourceTree = "<group>";
		};
		C03558D41FF798045D79FF24 /* Vaults */ = {
			isa = PBXGroup;
			children = (
				4DB377BA36AF07C74654F5EB /* ObsessionComposerView.swift */,
				628BBADF573FD3DA58EA8E49 /* ObsessionsVaultView.swift */,
				CB125A722F9D614C74BB0163 /* ShareComposerView.swift */,
				019652665952FE7E03D22353 /* SharedVaultView.swift */,
				382D55FD3E85641D0878E685 /* VaultComponents.swift */,
				6BBCB3507B380031E1E6B17C /* VaultHelpers.swift */,
			);
			path = Vaults;
			sourceTree = "<group>";
		};
		C0E11660D3C30B8FC980C271 /* Dashboard */ = {
			isa = PBXGroup;
			children = (
				EC130637C79548554A953177 /* DashboardView.swift */,
			);
			path = Dashboard;
			sourceTree = "<group>";
		};
		C3406F3F72D625C6AB064081 /* UI */ = {
			isa = PBXGroup;
			children = (
				64522A5F740C6E1BDFF8DDB9 /* ContentView.swift */,
				751A93F1F2B3A4A9D7B86D65 /* NowPlayingView.swift */,
				F5254D9C6FEAA307DB10BD0F /* SettingsView.swift */,
				D1E6EA9C8CDD07EB4BDFE408 /* Account */,
				A5B52F86969E0D4E45FDAB01 /* AppShell */,
				D5367D67B0B67D046E717050 /* Charts */,
				83F5BEAB692B7DC2742899F9 /* Components */,
				C0E11660D3C30B8FC980C271 /* Dashboard */,
				F6BBE1C6ADC8FC08107D8702 /* Explore */,
				772591287C05FC3FA7E76C22 /* Listens */,
				8DE3417D0F9F96A548BD6437 /* Profile */,
				543392EA37E9D3786AD9F568 /* Queue */,
				38DD845E02127189949CB892 /* Social */,
				C03558D41FF798045D79FF24 /* Vaults */,
			);
			path = UI;
			sourceTree = "<group>";
		};
		CBB6CE2E1915DFA0515C3EF3 /* Mobile */ = {
			isa = PBXGroup;
			children = (
				DA594F7753DA41703EF148A3 /* MobileLibraryScanEngine.swift */,
				E64C97B5035AFE0C1F2AD080 /* MobileLibraryScrobbleDiffer.swift */,
				B2A1E1773BF61B1398FF59DE /* MobileListeningStore.swift */,
				28EB14F389731DE905826413 /* MobilePendingScrobbleStore.swift */,
			);
			path = Mobile;
			sourceTree = "<group>";
		};
		CF25A3FDEBB2A3D3B2D71DE7 /* UI */ = {
			isa = PBXGroup;
			children = (
				A470520752891B8657AFC57E /* MobileAccountView.swift */,
				7A1E504337C096711C4D5EDF /* MobileDiscoverView.swift */,
				8D83BA08D7C896B2D6979662 /* MobileHomeView.swift */,
				3D288CDC21AB26F533765036 /* MobileListensView.swift */,
				511E8A69385F7C9C651D02F7 /* MobileManualScrobbleView.swift */,
				C3D1E7594EEE687258091BF4 /* MobileRootView.swift */,
			);
			path = UI;
			sourceTree = "<group>";
		};
		CFBF4B9F9AF8BBE45666E10F /* Resources */ = {
			isa = PBXGroup;
			children = (
				8EF926F1CC88201E7F8BBFCC /* Assets.xcassets */,
			);
			path = Resources;
			sourceTree = "<group>";
		};
		D1E6EA9C8CDD07EB4BDFE408 /* Account */ = {
			isa = PBXGroup;
			children = (
				197F1D4622961233B897360E /* AccountView.swift */,
			);
			path = Account;
			sourceTree = "<group>";
		};
		D5367D67B0B67D046E717050 /* Charts */ = {
			isa = PBXGroup;
			children = (
				78691512CBD9957E5D1BE7DA /* ArtistAffinityGraphView.swift */,
				08B5188BE540330855E7B0C5 /* ChartEntry.swift */,
				4E2A4EB7777483857994D22E /* ChartsView.swift */,
				C7EBA65D4ABB94D08711D735 /* ListeningClockView.swift */,
				8ABBA86382D701DC7D6FA6F2 /* ReportsView.swift */,
			);
			path = Charts;
			sourceTree = "<group>";
		};
		D53AFF0B0778DC55D6814831 /* Tests */ = {
			isa = PBXGroup;
			children = (
				948CD321C9C69762A3F9ED43 /* CompatibilityAPIErrorTests.swift */,
				15A95E641685904D84AA7497 /* CompatibilitySignatureTests.swift */,
				A0D17CC6E6769732AF5ADC9E /* ListenBrainzServiceTests.swift */,
				50DC37262772A6561E753B28 /* MobileLibraryScanEngineTests.swift */,
				462E69DCAE80415D28A2EA0C /* MobileLibraryScrobbleDifferTests.swift */,
				771604AAC81CFF62D09ED05E /* MobileListeningStoreTests.swift */,
				B3410DD8C1F538660155733F /* MobilePendingScrobbleStoreTests.swift */,
				283B8DD77EC3F6CD9311B24A /* MusicBrainzServiceTests.swift */,
				0F380BBAA04419C228B7FAEF /* PlayerNormalizationTests.swift */,
				3FABE65A8448C31172B8EA3B /* ScrobbleQueueStoreTests.swift */,
				14D2423BD080FC9AD2BB6512 /* ScrobbleServiceTests.swift */,
				FFCCF9DA53FAE2B7CEB06032 /* VaultStoreTests.swift */,
				5D10030F1C8AB3EDDF56F8AC /* Fixtures */,
			);
			path = Tests;
			sourceTree = "<group>";
		};
		E1C42B1FF24CB2B867FE375E /* Domain */ = {
			isa = PBXGroup;
			children = (
				8E88C84B72BF5CDE99DBB325 /* Track.swift */,
				BADAFD64BAE67C5E40286378 /* VaultModels.swift */,
			);
			path = Domain;
			sourceTree = "<group>";
		};
		E34CF0B31C574CC770666E7F /* App */ = {
			isa = PBXGroup;
			children = (
				BDE0AEEF6ABC15940E86B434 /* OpenScrobblerApp.swift */,
			);
			path = App;
			sourceTree = "<group>";
		};
		F6BBE1C6ADC8FC08107D8702 /* Explore */ = {
			isa = PBXGroup;
			children = (
				12BB1848A201EE91BF05551B /* ExploreView.swift */,
			);
			path = Explore;
			sourceTree = "<group>";
		};
/* End PBXGroup section */

/* Begin PBXNativeTarget section */
		230A3E87A87B2A6560FB6EDE /* OpenScrobblerCore */ = {
			isa = PBXNativeTarget;
			buildConfigurationList = FEF466DACD2DE514FE4B0D7F /* Build configuration list for PBXNativeTarget "OpenScrobblerCore" */;
			buildPhases = (
				DDF286D4265670CFA989692A /* Sources */,
			);
			buildRules = (
			);
			dependencies = (
			);
			name = OpenScrobblerCore;
			packageProductDependencies = (
			);
			productName = OpenScrobblerCore;
			productReference = D25F93CE46FAE2344FF1C84E /* OpenScrobblerCore.framework */;
			productType = "com.apple.product-type.framework";
		};
		C95E0AFDA537111F309AD3E5 /* OpenScrobbler */ = {
			isa = PBXNativeTarget;
			buildConfigurationList = C767BC001A4753E36C086966 /* Build configuration list for PBXNativeTarget "OpenScrobbler" */;
			buildPhases = (
				9EF3D0B0361B8693CFCA575B /* Sources */,
				4D3636204C3A803EEB9BF0D6 /* Resources */,
			);
			buildRules = (
			);
			dependencies = (
			);
			name = OpenScrobbler;
			packageProductDependencies = (
			);
			productName = OpenScrobbler;
			productReference = E1D920C82E39DB24395597CE /* OpenScrobbler.app */;
			productType = "com.apple.product-type.application";
		};
		DF5860F77F7D637041868BF9 /* OpenScrobbleriOS */ = {
			isa = PBXNativeTarget;
			buildConfigurationList = ED2AE985C01928D78506E8CD /* Build configuration list for PBXNativeTarget "OpenScrobbleriOS" */;
			buildPhases = (
				CA22260BB5A8A95AFAD89555 /* Sources */,
				DABE1688AD1B1D306A460F82 /* Resources */,
				1A37D54B5005C435BF9CCFD3 /* Frameworks */,
				1970CAA6D42E86B66E31D927 /* Embed Frameworks */,
			);
			buildRules = (
			);
			dependencies = (
				A9D691360AD1E1FE86251D78 /* PBXTargetDependency */,
			);
			name = OpenScrobbleriOS;
			packageProductDependencies = (
			);
			productName = OpenScrobbleriOS;
			productReference = 0A3DA58A5E92842CFEA78200 /* OpenScrobbleriOS.app */;
			productType = "com.apple.product-type.application";
		};
		F15E975845D41F287D81AE0E /* OpenScrobblerTests */ = {
			isa = PBXNativeTarget;
			buildConfigurationList = 3BC6A4BA430607CC9A368EFE /* Build configuration list for PBXNativeTarget "OpenScrobblerTests" */;
			buildPhases = (
				D35CE148B55969D3A6D93770 /* Sources */,
				4B8B41BB3FDE04C57B126E03 /* Resources */,
			);
			buildRules = (
			);
			dependencies = (
				FA30C6B52FF29367323EBDCE /* PBXTargetDependency */,
			);
			name = OpenScrobblerTests;
			packageProductDependencies = (
			);
			productName = OpenScrobblerTests;
			productReference = E43B4D6B5C4C8C315CE903C5 /* OpenScrobblerTests.xctest */;
			productType = "com.apple.product-type.bundle.unit-test";
		};
/* End PBXNativeTarget section */

/* Begin PBXProject section */
		32BA788BC896BECD873610EA /* Project object */ = {
			isa = PBXProject;
			attributes = {
				BuildIndependentTargetsInParallel = YES;
				LastUpgradeCheck = 1430;
				TargetAttributes = {
				};
			};
			buildConfigurationList = F3F1199166E874D34969D2FC /* Build configuration list for PBXProject "OpenScrobbler" */;
			developmentRegion = en;
			hasScannedForEncodings = 0;
			knownRegions = (
				Base,
				en,
			);
			mainGroup = 930532EC3D1263415874FF49;
			minimizedProjectReferenceProxies = 1;
			preferredProjectObjectVersion = 77;
			productRefGroup = 4CB26A48D93DC6B2E8CCC9DA /* Products */;
			projectDirPath = "";
			projectRoot = "";
			targets = (
				C95E0AFDA537111F309AD3E5 /* OpenScrobbler */,
				230A3E87A87B2A6560FB6EDE /* OpenScrobblerCore */,
				F15E975845D41F287D81AE0E /* OpenScrobblerTests */,
				DF5860F77F7D637041868BF9 /* OpenScrobbleriOS */,
			);
		};
/* End PBXProject section */

/* Begin PBXResourcesBuildPhase section */
		4B8B41BB3FDE04C57B126E03 /* Resources */ = {
			isa = PBXResourcesBuildPhase;
			buildActionMask = 2147483647;
			files = (
				1BD25D57864122BC3EF0EE50 /* artist-map-openapi.json in Resources */,
				9B51A2F83603ADCC4F7B5EAC /* playlist-jspf-openapi.json in Resources */,
				531A280A7D18F30D971001BE /* similar-users-openapi.json in Resources */,
				00D3FD32365C01B978F260A8 /* similarity-openapi.json in Resources */,
			);
			runOnlyForDeploymentPostprocessing = 0;
		};
		4D3636204C3A803EEB9BF0D6 /* Resources */ = {
			isa = PBXResourcesBuildPhase;
			buildActionMask = 2147483647;
			files = (
				FA72E3FFCB98A75F767AE215 /* Assets.xcassets in Resources */,
			);
			runOnlyForDeploymentPostprocessing = 0;
		};
		DABE1688AD1B1D306A460F82 /* Resources */ = {
			isa = PBXResourcesBuildPhase;
			buildActionMask = 2147483647;
			files = (
				62224B3D6FD3752B948141D6 /* Assets.xcassets in Resources */,
			);
			runOnlyForDeploymentPostprocessing = 0;
		};
/* End PBXResourcesBuildPhase section */

/* Begin PBXSourcesBuildPhase section */
		9EF3D0B0361B8693CFCA575B /* Sources */ = {
			isa = PBXSourcesBuildPhase;
			buildActionMask = 2147483647;
			files = (
				3A96694F0B4E72A2B433FCE7 /* AccountView.swift in Sources */,
				BDDA062D637618ABB5EDD9DF /* AppKitRepresentables.swift in Sources */,
				F2E27B82EE840DE92DD76F8C /* AppPanelStyle.swift in Sources */,
				31D531EF887E0B35603F4468 /* AppVisualComponents.swift in Sources */,
				713D2AB9AA416BA16CFF76AC /* ArtistAffinityGraphView.swift in Sources */,
				4DCB72C02ED644195CA1B635 /* BottomTabShell.swift in Sources */,
				ADB51C6EC6530282755AD9D6 /* ChartEntry.swift in Sources */,
				2AE59767BF566AD84425281F /* ChartsView.swift in Sources */,
				87E6523C71C372F7804F86EB /* CompatibilityAPI.swift in Sources */,
				AC1773D6AAB69BC52D25BF8A /* CompatibilityAccountsStore.swift in Sources */,
				E0E59F88C055F7A7B5493508 /* ContentView.swift in Sources */,
				9BAE6CE3B82D02017AC511E6 /* DashboardView.swift in Sources */,
				C747CC1363C3AF83A9A94BD6 /* ExploreView.swift in Sources */,
				ED91B36116A76A84A945029D /* FlowLayout.swift in Sources */,
				9477CCDAB25BD691811CA287 /* InspectorResizeHandle.swift in Sources */,
				52538E2EA22B92E520D67711 /* InteractiveSeparationGraphView.swift in Sources */,
				6A70A3ECE792D75D923FCB6B /* LaunchAtLoginController.swift in Sources */,
				EC963B537EA83EE6E4E08CE2 /* ListenBrainzService.swift in Sources */,
				B2B4CF541D9BC375634C3CAA /* ListenBrainzSocialView.swift in Sources */,
				2128627253A19C576BFA2172 /* ListeningClockView.swift in Sources */,
				DA7C4F140213DF4EFBA16F6E /* MobileLibraryScanEngine.swift in Sources */,
				10112D727B1AB7B05EB45610 /* MobileLibraryScrobbleDiffer.swift in Sources */,
				071827DDAE1D86FA41104C2C /* MobileListeningStore.swift in Sources */,
				5757E42C12A51F3F6DB03B30 /* MobilePendingScrobbleStore.swift in Sources */,
				0DDD21A5A50E5DC9DB7D21CC /* MoodPaletteEngine.swift in Sources */,
				A318D5E6B832D430C28D8967 /* MusicBrainzService.swift in Sources */,
				A087CA18923A9C906A80D932 /* NowPlayingView.swift in Sources */,
				BBFC20EB3FDC3A648CCB9818 /* ObsessionComposerView.swift in Sources */,
				E652B41C63F4A2F1C81C25CA /* ObsessionsVaultView.swift in Sources */,
				FC7B52AB29F670F4327BAD09 /* OpenScrobblerApp.swift in Sources */,
				75271B21A49D115820DFBED8 /* PlayerMonitor.swift in Sources */,
				773A8148202AD1A9467933FF /* PlayerNormalization.swift in Sources */,
				E1A85B54C56D0B3979A2D163 /* ProfileView.swift in Sources */,
				44588E84C071620CD2820D90 /* ProxySettings.swift in Sources */,
				DE74655524E9FC73F3B5D635 /* QueueView.swift in Sources */,
				9D138A44F37FD59C20A02F60 /* ReportsView.swift in Sources */,
				CD241046C5AD419B51F7E47B /* ScrobbleDetailPanel.swift in Sources */,
				090D7CD25F5394BFF3DE1E50 /* ScrobbleQueueStore.swift in Sources */,
				C900073D59724A9F4DA91ACE /* ScrobbleService.swift in Sources */,
				DB49D18F4AC36B6A47DEF70A /* ScrobblesView.swift in Sources */,
				B240A3747EACFD7F541BE352 /* SettingsView.swift in Sources */,
				086E0F9FC388682B356DC284 /* ShareComposerView.swift in Sources */,
				21D3521EE03C6EEE79B0733A /* SharedVaultView.swift in Sources */,
				64B583280F1AE590CC67F9D1 /* SimilarArtistGraphView.swift in Sources */,
				92A104FA344BC00A02B6DE40 /* SocialLegacyViews.swift in Sources */,
				A6908840937FD5747C075574 /* Track.swift in Sources */,
				3585575C7D463E86934A2B63 /* VaultComponents.swift in Sources */,
				A89981FA6F31C1286C25BF24 /* VaultHelpers.swift in Sources */,
				397AB45ED758ECF7279FA88A /* VaultModels.swift in Sources */,
				D96BD3D42D5A1AF6E918CED2 /* VaultStores.swift in Sources */,
			);
			runOnlyForDeploymentPostprocessing = 0;
		};
		CA22260BB5A8A95AFAD89555 /* Sources */ = {
			isa = PBXSourcesBuildPhase;
			buildActionMask = 2147483647;
			files = (
				EE335DFE94BD7F2FB6E2BADF /* MobileAccountView.swift in Sources */,
				7E84DDC83549BF75CE463B60 /* MobileDiscoverView.swift in Sources */,
				0B96DBB4774BD2816949534A /* MobileHomeView.swift in Sources */,
				7B8CCA0C9610E414D575E0C9 /* MobileListensView.swift in Sources */,
				BA81B801E5DAFAC10B993A61 /* MobileManualScrobbleView.swift in Sources */,
				217F8ADB054D3FF1B110B83E /* MobileRootView.swift in Sources */,
				AA4769142242A25E8E8A2F65 /* MusicLibraryScrobbleScanner.swift in Sources */,
				8DC69AFDF56D29B971F788F7 /* OpenScrobbleriOSApp.swift in Sources */,
			);
			runOnlyForDeploymentPostprocessing = 0;
		};
		D35CE148B55969D3A6D93770 /* Sources */ = {
			isa = PBXSourcesBuildPhase;
			buildActionMask = 2147483647;
			files = (
				31C4043BC352F08C41EBA901 /* CompatibilityAPIErrorTests.swift in Sources */,
				E5C7506C622902681933338B /* CompatibilitySignatureTests.swift in Sources */,
				55D717566443C29852C5CF15 /* ListenBrainzServiceTests.swift in Sources */,
				D32E5A2C2AF2AC6BC765B79D /* MobileLibraryScanEngineTests.swift in Sources */,
				61B9E13EABB994854E0D6457 /* MobileLibraryScrobbleDifferTests.swift in Sources */,
				9DCB9406A57851ED34D16410 /* MobileListeningStoreTests.swift in Sources */,
				F182CDDB93A165C5A2D933A5 /* MobilePendingScrobbleStoreTests.swift in Sources */,
				E0E3A81BA853135C40FA1815 /* MusicBrainzServiceTests.swift in Sources */,
				6E3253BBE32191CB49DDC0ED /* PlayerNormalizationTests.swift in Sources */,
				A4DF6EF58DD0A738C5DB38E7 /* ScrobbleQueueStoreTests.swift in Sources */,
				F33C7C053E803C5017457790 /* ScrobbleServiceTests.swift in Sources */,
				23A1F613093CC01A56328D9D /* VaultStoreTests.swift in Sources */,
			);
			runOnlyForDeploymentPostprocessing = 0;
		};
		DDF286D4265670CFA989692A /* Sources */ = {
			isa = PBXSourcesBuildPhase;
			buildActionMask = 2147483647;
			files = (
				2C1248B074B815544AACA4BD /* ListenBrainzService.swift in Sources */,
				2407077F1F5868F91766EE06 /* MobileLibraryScanEngine.swift in Sources */,
				C08727EB469EBEAE0C156965 /* MobileLibraryScrobbleDiffer.swift in Sources */,
				AB9A3F135D878DE7F60E5A07 /* MobileListeningStore.swift in Sources */,
				6A134AC2143ED80782ABBA7B /* MobilePendingScrobbleStore.swift in Sources */,
				62E7ACC6FCDE7D224E27ACE2 /* Track.swift in Sources */,
				DB854E7B549C90DBC9D2D7FF /* VaultModels.swift in Sources */,
			);
			runOnlyForDeploymentPostprocessing = 0;
		};
/* End PBXSourcesBuildPhase section */

/* Begin PBXTargetDependency section */
		A9D691360AD1E1FE86251D78 /* PBXTargetDependency */ = {
			isa = PBXTargetDependency;
			target = 230A3E87A87B2A6560FB6EDE /* OpenScrobblerCore */;
			targetProxy = 46BD4FDF6DEB78EDCB5A862D /* PBXContainerItemProxy */;
		};
		FA30C6B52FF29367323EBDCE /* PBXTargetDependency */ = {
			isa = PBXTargetDependency;
			target = C95E0AFDA537111F309AD3E5 /* OpenScrobbler */;
			targetProxy = 7585B0AEF1C95A5F737E8A31 /* PBXContainerItemProxy */;
		};
/* End PBXTargetDependency section */

/* Begin XCBuildConfiguration section */
		069E8C228DEFDF771235A156 /* Debug */ = {
			isa = XCBuildConfiguration;
			buildSettings = {
				ALWAYS_SEARCH_USER_PATHS = NO;
				CLANG_ANALYZER_NONNULL = YES;
				CLANG_ANALYZER_NUMBER_OBJECT_CONVERSION = YES_AGGRESSIVE;
				CLANG_CXX_LANGUAGE_STANDARD = "gnu++14";
				CLANG_CXX_LIBRARY = "libc++";
				CLANG_ENABLE_MODULES = YES;
				CLANG_ENABLE_OBJC_ARC = YES;
				CLANG_ENABLE_OBJC_WEAK = YES;
				CLANG_WARN_BLOCK_CAPTURE_AUTORELEASING = YES;
				CLANG_WARN_BOOL_CONVERSION = YES;
				CLANG_WARN_COMMA = YES;
				CLANG_WARN_CONSTANT_CONVERSION = YES;
				CLANG_WARN_DEPRECATED_OBJC_IMPLEMENTATIONS = YES;
				CLANG_WARN_DIRECT_OBJC_ISA_USAGE = YES_ERROR;
				CLANG_WARN_DOCUMENTATION_COMMENTS = YES;
				CLANG_WARN_EMPTY_BODY = YES;
				CLANG_WARN_ENUM_CONVERSION = YES;
				CLANG_WARN_INFINITE_RECURSION = YES;
				CLANG_WARN_INT_CONVERSION = YES;
				CLANG_WARN_NON_LITERAL_NULL_CONVERSION = YES;
				CLANG_WARN_OBJC_IMPLICIT_RETAIN_SELF = YES;
				CLANG_WARN_OBJC_LITERAL_CONVERSION = YES;
				CLANG_WARN_OBJC_ROOT_CLASS = YES_ERROR;
				CLANG_WARN_QUOTED_INCLUDE_IN_FRAMEWORK_HEADER = YES;
				CLANG_WARN_RANGE_LOOP_ANALYSIS = YES;
				CLANG_WARN_STRICT_PROTOTYPES = YES;
				CLANG_WARN_SUSPICIOUS_MOVE = YES;
				CLANG_WARN_UNGUARDED_AVAILABILITY = YES_AGGRESSIVE;
				CLANG_WARN_UNREACHABLE_CODE = YES;
				CLANG_WARN__DUPLICATE_METHOD_MATCH = YES;
				COPY_PHASE_STRIP = NO;
				CURRENT_PROJECT_VERSION = 6;
				DEBUG_INFORMATION_FORMAT = dwarf;
				ENABLE_STRICT_OBJC_MSGSEND = YES;
				ENABLE_TESTABILITY = YES;
				GCC_C_LANGUAGE_STANDARD = gnu11;
				GCC_DYNAMIC_NO_PIC = NO;
				GCC_NO_COMMON_BLOCKS = YES;
				GCC_OPTIMIZATION_LEVEL = 0;
				GCC_PREPROCESSOR_DEFINITIONS = (
					"$(inherited)",
					"DEBUG=1",
				);
				GCC_WARN_64_TO_32_BIT_CONVERSION = YES;
				GCC_WARN_ABOUT_RETURN_TYPE = YES_ERROR;
				GCC_WARN_UNDECLARED_SELECTOR = YES;
				GCC_WARN_UNINITIALIZED_AUTOS = YES_AGGRESSIVE;
				GCC_WARN_UNUSED_FUNCTION = YES;
				GCC_WARN_UNUSED_VARIABLE = YES;
				GENERATE_INFOPLIST_FILE = YES;
				MARKETING_VERSION = 1.1.0;
				MTL_ENABLE_DEBUG_INFO = INCLUDE_SOURCE;
				MTL_FAST_MATH = YES;
				ONLY_ACTIVE_ARCH = YES;
				PRODUCT_BUNDLE_IDENTIFIER = org.openscrobbler.app;
				PRODUCT_NAME = "$(TARGET_NAME)";
				SWIFT_ACTIVE_COMPILATION_CONDITIONS = DEBUG;
				SWIFT_OPTIMIZATION_LEVEL = "-Onone";
				SWIFT_VERSION = 5.0;
			};
			name = Debug;
		};
		45410C1E8434BBA961DB8B20 /* Release */ = {
			isa = XCBuildConfiguration;
			buildSettings = {
				ASSETCATALOG_COMPILER_APPICON_NAME = AppIcon;
				COMBINE_HIDPI_IMAGES = YES;
				INFOPLIST_KEY_CFBundleDisplayName = OpenScrobbler;
				INFOPLIST_KEY_CFBundleIconFile = AppIcon.icns;
				INFOPLIST_KEY_CFBundleName = OpenScrobbler;
				INFOPLIST_KEY_LSApplicationCategoryType = "public.app-category.music";
				INFOPLIST_KEY_NSHumanReadableCopyright = "Copyright (c) 2026";
				LD_RUNPATH_SEARCH_PATHS = (
					"$(inherited)",
					"@executable_path/../Frameworks",
				);
				MACOSX_DEPLOYMENT_TARGET = 13.0;
				PRODUCT_MODULE_NAME = OpenScrobbler;
				PRODUCT_NAME = OpenScrobbler;
				SDKROOT = macosx;
			};
			name = Release;
		};
		8C4D63C2860B46D216781C6D /* Debug */ = {
			isa = XCBuildConfiguration;
			buildSettings = {
				CODE_SIGN_IDENTITY = "";
				CURRENT_PROJECT_VERSION = 1;
				DEFINES_MODULE = YES;
				DYLIB_COMPATIBILITY_VERSION = 1;
				DYLIB_CURRENT_VERSION = 1;
				DYLIB_INSTALL_NAME_BASE = "@rpath";
				GENERATE_INFOPLIST_FILE = YES;
				INSTALL_PATH = "$(LOCAL_LIBRARY_DIR)/Frameworks";
				IPHONEOS_DEPLOYMENT_TARGET = 17.0;
				LD_RUNPATH_SEARCH_PATHS = (
					"$(inherited)",
					"@executable_path/Frameworks",
				);
				PRODUCT_BUNDLE_IDENTIFIER = org.openscrobbler.core;
				PRODUCT_MODULE_NAME = OpenScrobblerCore;
				PRODUCT_NAME = OpenScrobblerCore;
				SDKROOT = iphoneos;
				SKIP_INSTALL = YES;
				SUPPORTED_PLATFORMS = "iphoneos iphonesimulator";
				SUPPORTS_MACCATALYST = NO;
				TARGETED_DEVICE_FAMILY = "1,2";
				VERSIONING_SYSTEM = "apple-generic";
			};
			name = Debug;
		};
		919CE3550BAA5A991B2E68CD /* Release */ = {
			isa = XCBuildConfiguration;
			buildSettings = {
				ASSETCATALOG_COMPILER_APPICON_NAME = AppIcon;
				CODE_SIGN_IDENTITY = "iPhone Developer";
				CURRENT_PROJECT_VERSION = 1;
				GENERATE_INFOPLIST_FILE = YES;
				INFOPLIST_KEY_CFBundleDisplayName = OpenScrobbler;
				INFOPLIST_KEY_CFBundleName = OpenScrobbler;
				INFOPLIST_KEY_NSAppleMusicUsageDescription = "OpenScrobbler scans your music library play counts to submit new listens to ListenBrainz.";
				INFOPLIST_KEY_NSHumanReadableCopyright = "Copyright (c) 2026";
				INFOPLIST_KEY_UIApplicationSceneManifest_Generation = YES;
				INFOPLIST_KEY_UIApplicationSupportsIndirectInputEvents = YES;
				IPHONEOS_DEPLOYMENT_TARGET = 17.0;
				LD_RUNPATH_SEARCH_PATHS = (
					"$(inherited)",
					"@executable_path/Frameworks",
				);
				MARKETING_VERSION = 1.0.0;
				PRODUCT_BUNDLE_IDENTIFIER = org.openscrobbler.app.ios;
				PRODUCT_MODULE_NAME = OpenScrobbleriOS;
				PRODUCT_NAME = OpenScrobbler;
				SDKROOT = iphoneos;
				SUPPORTED_PLATFORMS = "iphoneos iphonesimulator";
				SUPPORTS_MACCATALYST = NO;
				TARGETED_DEVICE_FAMILY = "1,2";
			};
			name = Release;
		};
		AA897896727AD804B23A6DAC /* Debug */ = {
			isa = XCBuildConfiguration;
			buildSettings = {
				ASSETCATALOG_COMPILER_APPICON_NAME = AppIcon;
				CODE_SIGN_IDENTITY = "iPhone Developer";
				CURRENT_PROJECT_VERSION = 1;
				GENERATE_INFOPLIST_FILE = YES;
				INFOPLIST_KEY_CFBundleDisplayName = OpenScrobbler;
				INFOPLIST_KEY_CFBundleName = OpenScrobbler;
				INFOPLIST_KEY_NSAppleMusicUsageDescription = "OpenScrobbler scans your music library play counts to submit new listens to ListenBrainz.";
				INFOPLIST_KEY_NSHumanReadableCopyright = "Copyright (c) 2026";
				INFOPLIST_KEY_UIApplicationSceneManifest_Generation = YES;
				INFOPLIST_KEY_UIApplicationSupportsIndirectInputEvents = YES;
				IPHONEOS_DEPLOYMENT_TARGET = 17.0;
				LD_RUNPATH_SEARCH_PATHS = (
					"$(inherited)",
					"@executable_path/Frameworks",
				);
				MARKETING_VERSION = 1.0.0;
				PRODUCT_BUNDLE_IDENTIFIER = org.openscrobbler.app.ios;
				PRODUCT_MODULE_NAME = OpenScrobbleriOS;
				PRODUCT_NAME = OpenScrobbler;
				SDKROOT = iphoneos;
				SUPPORTED_PLATFORMS = "iphoneos iphonesimulator";
				SUPPORTS_MACCATALYST = NO;
				TARGETED_DEVICE_FAMILY = "1,2";
			};
			name = Debug;
		};
		CADA3704F83CA861C05810BC /* Debug */ = {
			isa = XCBuildConfiguration;
			buildSettings = {
				BUNDLE_LOADER = "$(TEST_HOST)";
				COMBINE_HIDPI_IMAGES = YES;
				GENERATE_INFOPLIST_FILE = YES;
				LD_RUNPATH_SEARCH_PATHS = (
					"$(inherited)",
					"@executable_path/../Frameworks",
					"@loader_path/../Frameworks",
				);
				MACOSX_DEPLOYMENT_TARGET = 13.0;
				PRODUCT_BUNDLE_IDENTIFIER = org.openscrobbler.app.tests;
				SDKROOT = macosx;
				TEST_HOST = "$(BUILT_PRODUCTS_DIR)/OpenScrobbler.app/Contents/MacOS/OpenScrobbler";
			};
			name = Debug;
		};
		F3347C7FD3A8DA2EBE3F14CF /* Debug */ = {
			isa = XCBuildConfiguration;
			buildSettings = {
				ASSETCATALOG_COMPILER_APPICON_NAME = AppIcon;
				COMBINE_HIDPI_IMAGES = YES;
				INFOPLIST_KEY_CFBundleDisplayName = OpenScrobbler;
				INFOPLIST_KEY_CFBundleIconFile = AppIcon.icns;
				INFOPLIST_KEY_CFBundleName = OpenScrobbler;
				INFOPLIST_KEY_LSApplicationCategoryType = "public.app-category.music";
				INFOPLIST_KEY_NSHumanReadableCopyright = "Copyright (c) 2026";
				LD_RUNPATH_SEARCH_PATHS = (
					"$(inherited)",
					"@executable_path/../Frameworks",
				);
				MACOSX_DEPLOYMENT_TARGET = 13.0;
				PRODUCT_MODULE_NAME = OpenScrobbler;
				PRODUCT_NAME = OpenScrobbler;
				SDKROOT = macosx;
			};
			name = Debug;
		};
		F820109DCB965AB5A6B21722 /* Release */ = {
			isa = XCBuildConfiguration;
			buildSettings = {
				CODE_SIGN_IDENTITY = "";
				CURRENT_PROJECT_VERSION = 1;
				DEFINES_MODULE = YES;
				DYLIB_COMPATIBILITY_VERSION = 1;
				DYLIB_CURRENT_VERSION = 1;
				DYLIB_INSTALL_NAME_BASE = "@rpath";
				GENERATE_INFOPLIST_FILE = YES;
				INSTALL_PATH = "$(LOCAL_LIBRARY_DIR)/Frameworks";
				IPHONEOS_DEPLOYMENT_TARGET = 17.0;
				LD_RUNPATH_SEARCH_PATHS = (
					"$(inherited)",
					"@executable_path/Frameworks",
				);
				PRODUCT_BUNDLE_IDENTIFIER = org.openscrobbler.core;
				PRODUCT_MODULE_NAME = OpenScrobblerCore;
				PRODUCT_NAME = OpenScrobblerCore;
				SDKROOT = iphoneos;
				SKIP_INSTALL = YES;
				SUPPORTED_PLATFORMS = "iphoneos iphonesimulator";
				SUPPORTS_MACCATALYST = NO;
				TARGETED_DEVICE_FAMILY = "1,2";
				VERSIONING_SYSTEM = "apple-generic";
			};
			name = Release;
		};
		FAB7E1D2E6F7352AD442C3F2 /* Release */ = {
			isa = XCBuildConfiguration;
			buildSettings = {
				BUNDLE_LOADER = "$(TEST_HOST)";
				COMBINE_HIDPI_IMAGES = YES;
				GENERATE_INFOPLIST_FILE = YES;
				LD_RUNPATH_SEARCH_PATHS = (
					"$(inherited)",
					"@executable_path/../Frameworks",
					"@loader_path/../Frameworks",
				);
				MACOSX_DEPLOYMENT_TARGET = 13.0;
				PRODUCT_BUNDLE_IDENTIFIER = org.openscrobbler.app.tests;
				SDKROOT = macosx;
				TEST_HOST = "$(BUILT_PRODUCTS_DIR)/OpenScrobbler.app/Contents/MacOS/OpenScrobbler";
			};
			name = Release;
		};
		FF8FD62CDD63EF2265AE68EF /* Release */ = {
			isa = XCBuildConfiguration;
			buildSettings = {
				ALWAYS_SEARCH_USER_PATHS = NO;
				CLANG_ANALYZER_NONNULL = YES;
				CLANG_ANALYZER_NUMBER_OBJECT_CONVERSION = YES_AGGRESSIVE;
				CLANG_CXX_LANGUAGE_STANDARD = "gnu++14";
				CLANG_CXX_LIBRARY = "libc++";
				CLANG_ENABLE_MODULES = YES;
				CLANG_ENABLE_OBJC_ARC = YES;
				CLANG_ENABLE_OBJC_WEAK = YES;
				CLANG_WARN_BLOCK_CAPTURE_AUTORELEASING = YES;
				CLANG_WARN_BOOL_CONVERSION = YES;
				CLANG_WARN_COMMA = YES;
				CLANG_WARN_CONSTANT_CONVERSION = YES;
				CLANG_WARN_DEPRECATED_OBJC_IMPLEMENTATIONS = YES;
				CLANG_WARN_DIRECT_OBJC_ISA_USAGE = YES_ERROR;
				CLANG_WARN_DOCUMENTATION_COMMENTS = YES;
				CLANG_WARN_EMPTY_BODY = YES;
				CLANG_WARN_ENUM_CONVERSION = YES;
				CLANG_WARN_INFINITE_RECURSION = YES;
				CLANG_WARN_INT_CONVERSION = YES;
				CLANG_WARN_NON_LITERAL_NULL_CONVERSION = YES;
				CLANG_WARN_OBJC_IMPLICIT_RETAIN_SELF = YES;
				CLANG_WARN_OBJC_LITERAL_CONVERSION = YES;
				CLANG_WARN_OBJC_ROOT_CLASS = YES_ERROR;
				CLANG_WARN_QUOTED_INCLUDE_IN_FRAMEWORK_HEADER = YES;
				CLANG_WARN_RANGE_LOOP_ANALYSIS = YES;
				CLANG_WARN_STRICT_PROTOTYPES = YES;
				CLANG_WARN_SUSPICIOUS_MOVE = YES;
				CLANG_WARN_UNGUARDED_AVAILABILITY = YES_AGGRESSIVE;
				CLANG_WARN_UNREACHABLE_CODE = YES;
				CLANG_WARN__DUPLICATE_METHOD_MATCH = YES;
				COPY_PHASE_STRIP = NO;
				CURRENT_PROJECT_VERSION = 6;
				DEBUG_INFORMATION_FORMAT = "dwarf-with-dsym";
				ENABLE_NS_ASSERTIONS = NO;
				ENABLE_STRICT_OBJC_MSGSEND = YES;
				GCC_C_LANGUAGE_STANDARD = gnu11;
				GCC_NO_COMMON_BLOCKS = YES;
				GCC_WARN_64_TO_32_BIT_CONVERSION = YES;
				GCC_WARN_ABOUT_RETURN_TYPE = YES_ERROR;
				GCC_WARN_UNDECLARED_SELECTOR = YES;
				GCC_WARN_UNINITIALIZED_AUTOS = YES_AGGRESSIVE;
				GCC_WARN_UNUSED_FUNCTION = YES;
				GCC_WARN_UNUSED_VARIABLE = YES;
				GENERATE_INFOPLIST_FILE = YES;
				MARKETING_VERSION = 1.1.0;
				MTL_ENABLE_DEBUG_INFO = NO;
				MTL_FAST_MATH = YES;
				PRODUCT_BUNDLE_IDENTIFIER = org.openscrobbler.app;
				PRODUCT_NAME = "$(TARGET_NAME)";
				SWIFT_COMPILATION_MODE = wholemodule;
				SWIFT_OPTIMIZATION_LEVEL = "-O";
				SWIFT_VERSION = 5.0;
			};
			name = Release;
		};
/* End XCBuildConfiguration section */

/* Begin XCConfigurationList section */
		3BC6A4BA430607CC9A368EFE /* Build configuration list for PBXNativeTarget "OpenScrobblerTests" */ = {
			isa = XCConfigurationList;
			buildConfigurations = (
				CADA3704F83CA861C05810BC /* Debug */,
				FAB7E1D2E6F7352AD442C3F2 /* Release */,
			);
			defaultConfigurationIsVisible = 0;
			defaultConfigurationName = Debug;
		};
		C767BC001A4753E36C086966 /* Build configuration list for PBXNativeTarget "OpenScrobbler" */ = {
			isa = XCConfigurationList;
			buildConfigurations = (
				F3347C7FD3A8DA2EBE3F14CF /* Debug */,
				45410C1E8434BBA961DB8B20 /* Release */,
			);
			defaultConfigurationIsVisible = 0;
			defaultConfigurationName = Debug;
		};
		ED2AE985C01928D78506E8CD /* Build configuration list for PBXNativeTarget "OpenScrobbleriOS" */ = {
			isa = XCConfigurationList;
			buildConfigurations = (
				AA897896727AD804B23A6DAC /* Debug */,
				919CE3550BAA5A991B2E68CD /* Release */,
			);
			defaultConfigurationIsVisible = 0;
			defaultConfigurationName = Debug;
		};
		F3F1199166E874D34969D2FC /* Build configuration list for PBXProject "OpenScrobbler" */ = {
			isa = XCConfigurationList;
			buildConfigurations = (
				069E8C228DEFDF771235A156 /* Debug */,
				FF8FD62CDD63EF2265AE68EF /* Release */,
			);
			defaultConfigurationIsVisible = 0;
			defaultConfigurationName = Debug;
		};
		FEF466DACD2DE514FE4B0D7F /* Build configuration list for PBXNativeTarget "OpenScrobblerCore" */ = {
			isa = XCConfigurationList;
			buildConfigurations = (
				8C4D63C2860B46D216781C6D /* Debug */,
				F820109DCB965AB5A6B21722 /* Release */,
			);
			defaultConfigurationIsVisible = 0;
			defaultConfigurationName = Debug;
		};
/* End XCConfigurationList section */
	};
	rootObject = 32BA788BC896BECD873610EA /* Project object */;
}
